
Microsoft Visual Studio Solution File, Format Version 12.00
# Visual Studio 15
Project("{FAE04EC0-301F-11D3-BF4B-00C04F79EFBC}") = "Assembly-CSharp", "Assembly-CSharp.csproj", "{346469CD-8A7E-160E-05ED-9BECBDFC2249}"
EndProject
Project("{FAE04EC0-301F-11D3-BF4B-00C04F79EFBC}") = "Assembly-CSharp-firstpass", "Assembly-CSharp-firstpass.csproj", "{2CDC8E76-27D9-84FD-B374-3FC4C9BEF543}"
EndProject
Project("{FAE04EC0-301F-11D3-BF4B-00C04F79EFBC}") = "Assembly-CSharp-Editor-firstpass", "Assembly-CSharp-Editor-firstpass.csproj", "{79E3C6E7-D141-18BF-A48A-328B98F0E9AD}"
EndProject
Global
	GlobalSection(SolutionConfigurationPlatforms) = preSolution
		Debug|Any CPU = Debug|Any CPU
		Release|Any CPU = Release|Any CPU
	EndGlobalSection
	GlobalSection(ProjectConfigurationPlatforms) = postSolution
		{346469CD-8A7E-160E-05ED-9BECBDFC2249}.Debug|Any CPU.ActiveCfg = Debug|Any CPU
		{346469CD-8A7E-160E-05ED-9BECBDFC2249}.Debug|Any CPU.Build.0 = Debug|Any CPU
		{346469CD-8A7E-160E-05ED-9BECBDFC2249}.Release|Any CPU.ActiveCfg = Release|Any CPU
		{346469CD-8A7E-160E-05ED-9BECBDFC2249}.Release|Any CPU.Build.0 = Release|Any CPU
		{2CDC8E76-27D9-84FD-B374-3FC4C9BEF543}.Debug|Any CPU.ActiveCfg = Debug|Any CPU
		{2CDC8E76-27D9-84FD-B374-3FC4C9BEF543}.Debug|Any CPU.Build.0 = Debug|Any CPU
		{2CDC8E76-27D9-84FD-B374-3FC4C9BEF543}.Release|Any CPU.ActiveCfg = Release|Any CPU
		{2CDC8E76-27D9-84FD-B374-3FC4C9BEF543}.Release|Any CPU.Build.0 = Release|Any CPU
		{79E3C6E7-D141-18BF-A48A-328B98F0E9AD}.Debug|Any CPU.ActiveCfg = Debug|Any CPU
		{79E3C6E7-D141-18BF-A48A-328B98F0E9AD}.Debug|Any CPU.Build.0 = Debug|Any CPU
		{79E3C6E7-D141-18BF-A48A-328B98F0E9AD}.Release|Any CPU.ActiveCfg = Release|Any CPU
		{79E3C6E7-D141-18BF-A48A-328B98F0E9AD}.Release|Any CPU.Build.0 = Release|Any CPU
	EndGlobalSection
	GlobalSection(SolutionProperties) = preSolution
		HideSolutionNode = FALSE
	EndGlobalSection
EndGlobal
